<?xml version="1.0" encoding="utf-8"?>
<Project ToolsVersion="4.0" xmlns="http://schemas.microsoft.com/developer/msbuild/2003">
  <ItemGroup>
    <Filter Include="Source Files">
      <UniqueIdentifier>{4FC737F1-C7A5-4376-A066-2A32D752A2FF}</UniqueIdentifier>
      <Extensions>cpp;c;cc;cxx;c++;cppm;ixx;def;odl;idl;hpj;bat;asm;asmx</Extensions>
    </Filter>
    <Filter Include="Header Files">
      <UniqueIdentifier>{93995380-89BD-4b04-88EB-625FBE52EBFB}</UniqueIdentifier>
      <Extensions>h;hh;hpp;hxx;h++;hm;inl;inc;ipp;xsd</Extensions>
    </Filter>
    <Filter Include="Network Files">
      <UniqueIdentifier>{78b14ddb-d324-44de-beec-03c4fbfb5ce7}</UniqueIdentifier>
    </Filter>
    <Filter Include="Header Files\Extra Files">
      <UniqueIdentifier>{2aa1ab49-aa70-4bc6-a7be-781aeeba2a94}</UniqueIdentifier>
    </Filter>
  </ItemGroup>
  <ItemGroup>
    <ClCompile Include="Source.cpp">
      <Filter>Source Files</Filter>
    </ClCompile>
  </ItemGroup>
  <ItemGroup>
    <ClInclude Include="Base.h">
      <Filter>Header Files</Filter>
    </ClInclude>
    <ClInclude Include="Item.h">
      <Filter>Header Files</Filter>
    </ClInclude>
    <ClInclude Include="Player.h">
      <Filter>Header Files</Filter>
    </ClInclude>
    <ClInclude Include="Packet.h">
      <Filter>Header Files</Filter>
    </ClInclude>
    <ClInclude Include="enet\include\callbacks.h">
      <Filter>Network Files</Filter>
    </ClInclude>
    <ClInclude Include="enet\include\enet.h">
      <Filter>Network Files</Filter>
    </ClInclude>
    <ClInclude Include="enet\include\win32.h">
      <Filter>Network Files</Filter>
    </ClInclude>
    <ClInclude Include="enet\include\utility.h">
      <Filter>Network Files</Filter>
    </ClInclude>
    <ClInclude Include="enet\include\unix.h">
      <Filter>Network Files</Filter>
    </ClInclude>
    <ClInclude Include="enet\include\types.h">
      <Filter>Network Files</Filter>
    </ClInclude>
    <ClInclude Include="enet\include\time.h">
      <Filter>Network Files</Filter>
    </ClInclude>
    <ClInclude Include="enet\include\protocol.h">
      <Filter>Network Files</Filter>
    </ClInclude>
    <ClInclude Include="enet\include\list.h">
      <Filter>Network Files</Filter>
    </ClInclude>
    <ClInclude Include="RTParam.hpp">
      <Filter>Header Files</Filter>
    </ClInclude>
    <ClInclude Include="Color.h">
      <Filter>Header Files</Filter>
    </ClInclude>
    <ClInclude Include="skStr.h">
      <Filter>Header Files</Filter>
    </ClInclude>
    <ClInclude Include="World.h">
      <Filter>Network Files</Filter>
    </ClInclude>
    <ClInclude Include="Webhook.h">
      <Filter>Header Files\Extra Files</Filter>
    </ClInclude>
    <ClInclude Include="Logs.h">
      <Filter>Header Files\Extra Files</Filter>
    </ClInclude>
    <ClInclude Include="SaveSystem.h">
      <Filter>Header Files\Extra Files</Filter>
    </ClInclude>
  </ItemGroup>
</Project>